// !$*UTF8*$!
{
	archiveVersion = 1;
	classes = {
	};
	objectVersion = 46;
	objects = {

/* Begin PBXBuildFile section */
		A2E783181EA9862600133DE7 /* AppDelegate.swift in Sources */ = {isa = PBXBuildFile; fileRef = A2E783171EA9862600133DE7 /* AppDelegate.swift */; };
		A2E7831A1EA9862600133DE7 /* ViewController.swift in Sources */ = {isa = PBXBuildFile; fileRef = A2E783191EA9862600133DE7 /* ViewController.swift */; };
		A2E7831D1EA9862600133DE7 /* Main.storyboard in Resources */ = {isa = PBXBuildFile; fileRef = A2E7831B1EA9862600133DE7 /* Main.storyboard */; };
		A2E783201EA9862600133DE7 /* CoreToDo.xcdatamodeld in Sources */ = {isa = PBXBuildFile; fileRef = A2E7831E1EA9862600133DE7 /* CoreToDo.xcdatamodeld */; };
		A2E783221EA9862600133DE7 /* Assets.xcassets in Resources */ = {isa = PBXBuildFile; fileRef = A2E783211EA9862600133DE7 /* Assets.xcassets */; };
		A2E783251EA9862600133DE7 /* LaunchScreen.storyboard in Resources */ = {isa = PBXBuildFile; fileRef = A2E783231EA9862600133DE7 /* LaunchScreen.storyboard */; };
		A2E7832D1EA9884C00133DE7 /* AddTaskViewController.swift in Sources */ = {isa = PBXBuildFile; fileRef = A2E7832C1EA9884C00133DE7 /* AddTaskViewController.swift */; };
/* End PBXBuildFile section */

/* Begin PBXFileReference section */
		A2E783141EA9862600133DE7 /* CoreToDo.app */ = {isa = PBXFileReference; explicitFileType = wrapper.application; includeInIndex = 0; path = CoreToDo.app; sourceTree = BUILT_PRODUCTS_DIR; };
		A2E783171EA9862600133DE7 /* AppDelegate.swift */ = {isa = PBXFileReference; lastKnownFileType = sourcecode.swift; path = AppDelegate.swift; sourceTree = "<group>"; };
		A2E783191EA9862600133DE7 /* ViewController.swift */ = {isa = PBXFileReference; lastKnownFileType = sourcecode.swift; path = ViewController.swift; sourceTree = "<group>"; };
		A2E7831C1EA9862600133DE7 /* Base */ = {isa = PBXFileReference; lastKnownFileType = file.storyboard; name = Base; path = Base.lproj/Main.storyboard; sourceTree = "<group>"; };
		A2E7831F1EA9862600133DE7 /* CoreToDo.xcdatamodel */ = {isa = PBXFileReference; lastKnownFileType = wrapper.xcdatamodel; path = CoreToDo.xcdatamodel; sourceTree = "<group>"; };
		A2E783211EA9862600133DE7 /* Assets.xcassets */ = {isa = PBXFileReference; lastKnownFileType = folder.assetcatalog; path = Assets.xcassets; sourceTree = "<group>"; };
		A2E783241EA9862600133DE7 /* Base */ = {isa = PBXFileReference; lastKnownFileType = file.storyboard; name = Base; path = Base.lproj/LaunchScreen.storyboard; sourceTree = "<group>"; };
		A2E783261EA9862600133DE7 /* Info.plist */ = {isa = PBXFileReference; lastKnownFileType = text.plist.xml; path = Info.plist; sourceTree = "<group>"; };
		A2E7832C1EA9884C00133DE7 /* AddTaskViewController.swift */ = {isa = PBXFileReference; fileEncoding = 4; lastKnownFileType = sourcecode.swift; path = AddTaskViewController.swift; sourceTree = "<group>"; };
/* End PBXFileReference section */

/* Begin PBXFrameworksBuildPhase section */
		A2E783111EA9862600133DE7 /* Frameworks */ = {
			isa = PBXFrameworksBuildPhase;
			buildActionMask = 2147483647;
			files = (
			);
			runOnlyForDeploymentPostprocessing = 0;
		};
/* End PBXFrameworksBuildPhase section */

/* Begin PBXGroup section */
		A2E7830B1EA9862600133DE7 = {
			isa = PBXGroup;
			children = (
				A2E783161EA9862600133DE7 /* CoreToDo */,
				A2E783151EA9862600133DE7 /* Products */,
			);
			sourceTree = "<group>";
		};
		A2E783151EA9862600133DE7 /* Products */ = {
			isa = PBXGroup;
			children = (
				A2E783141EA9862600133DE7 /* CoreToDo.app */,
			);
			name = Products;
			sourceTree = "<group>";
		};
		A2E783161EA9862600133DE7 /* CoreToDo */ = {
			isa = PBXGroup;
			children = (
				A2E783171EA9862600133DE7 /* AppDelegate.swift */,
				A2E783191EA9862600133DE7 /* ViewController.swift */,
				A2E7831B1EA9862600133DE7 /* Main.storyboard */,
				A2E7832C1EA9884C00133DE7 /* AddTaskViewController.swift */,
				A2E783211EA9862600133DE7 /* Assets.xcassets */,
				A2E783231EA9862600133DE7 /* LaunchScreen.storyboard */,
				A2E783261EA9862600133DE7 /* Info.plist */,
				A2E7831E1EA9862600133DE7 /* CoreToDo.xcdatamodeld */,
			);
			path = CoreToDo;
			sourceTree = "<group>";
		};
/* End PBXGroup section */

/* Begin PBXNativeTarget section */
		A2E783131EA9862600133DE7 /* CoreToDo */ = {
			isa = PBXNativeTarget;
			buildConfigurationList = A2E783291EA9862600133DE7 /* Build configuration list for PBXNativeTarget "CoreToDo" */;
			buildPhases = (
				A2E783101EA9862600133DE7 /* Sources */,
				A2E783111EA9862600133DE7 /* Frameworks */,
				A2E783121EA9862600133DE7 /* Resources */,
			);
			buildRules = (
			);
			dependencies = (
			);
			name = CoreToDo;
			productName = CoreToDo;
			productReference = A2E783141EA9862600133DE7 /* CoreToDo.app */;
			productType = "com.apple.product-type.application";
		};
/* End PBXNativeTarget section */

/* Begin PBXProject section */
		A2E7830C1EA9862600133DE7 /* Project object */ = {
			isa = PBXProject;
			attributes = {
				LastSwiftUpdateCheck = 0830;
				LastUpgradeCheck = 0830;
				ORGANIZATIONNAME = "Youmeiyi Pan";
				TargetAttributes = {
					A2E783131EA9862600133DE7 = {
						CreatedOnToolsVersion = 8.3.1;
						DevelopmentTeam = Z4RHTU5DM8;
						ProvisioningStyle = Automatic;
					};
				};
			};
			buildConfigurationList = A2E7830F1EA9862600133DE7 /* Build configuration list for PBXProject "CoreToDo" */;
			compatibilityVersion = "Xcode 3.2";
			developmentRegion = English;
			hasScannedForEncodings = 0;
			knownRegions = (
				en,
				Base,
			);
			mainGroup = A2E7830B1EA9862600133DE7;
			productRefGroup = A2E783151EA9862600133DE7 /* Products */;
			projectDirPath = "";
			projectRoot = "";
			targets = (
				A2E783131EA9862600133DE7 /* CoreToDo */,
			);
		};
/* End PBXProject section */

/* Begin PBXResourcesBuildPhase section */
		A2E783121EA9862600133DE7 /* Resources */ = {
			isa = PBXResourcesBuildPhase;
			buildActionMask = 2147483647;
			files = (
				A2E783251EA9862600133DE7 /* LaunchScreen.storyboard in Resources */,
				A2E783221EA9862600133DE7 /* Assets.xcassets in Resources */,
				A2E7831D1EA9862600133DE7 /* Main.storyboard in Resources */,
			);
			runOnlyForDeploymentPostprocessing = 0;
		};
/* End PBXResourcesBuildPhase section */

/* Begin PBXSourcesBuildPhase section */
		A2E783101EA9862600133DE7 /* Sources */ = {
			isa = PBXSourcesBuildPhase;
			buildActionMask = 2147483647;
			files = (
				A2E7831A1EA9862600133DE7 /* ViewController.swift in Sources */,
				A2E7832D1EA9884C00133DE7 /* AddTaskViewController.swift in Sources */,
				A2E783181EA9862600133DE7 /* AppDelegate.swift in Sources */,
				A2E783201EA9862600133DE7 /* CoreToDo.xcdatamodeld in Sources */,
			);
			runOnlyForDeploymentPostprocessing = 0;
		};
/* End PBXSourcesBuildPhase section */

/* Begin PBXVariantGroup section */
		A2E7831B1EA9862600133DE7 /* Main.storyboard */ = {
			isa = PBXVariantGroup;
			children = (
				A2E7831C1EA9862600133DE7 /* Base */,
			);
			name = Main.storyboard;
			sourceTree = "<group>";
		};
		A2E783231EA9862600133DE7 /* LaunchScreen.storyboard */ = {
			isa = PBXVariantGroup;
			children = (
				A2E783241EA9862600133DE7 /* Base */,
			);
			name = LaunchScreen.storyboard;
			sourceTree = "<group>";
		};
/* End PBXVariantGroup section */

/* Begin XCBuildConfiguration section */
		A2E783271EA9862600133DE7 /* Debug */ = {
			isa = XCBuildConfiguration;
			buildSettings = {
				ALWAYS_SEARCH_USER_PATHS = NO;
				CLANG_ANALYZER_NONNULL = YES;
				CLANG_ANALYZER_NUMBER_OBJECT_CONVERSION = YES_AGGRESSIVE;
				CLANG_CXX_LANGUAGE_STANDARD = "gnu++0x";
				CLANG_CXX_LIBRARY = "libc++";
				CLANG_ENABLE_MODULES = YES;
				CLANG_ENABLE_OBJC_ARC = YES;
				CLANG_WARN_BOOL_CONVERSION = YES;
				CLANG_WARN_CONSTANT_CONVERSION = YES;
				CLANG_WARN_DIRECT_OBJC_ISA_USAGE = YES_ERROR;
				CLANG_WARN_DOCUMENTATION_COMMENTS = YES;
				CLANG_WARN_EMPTY_BODY = YES;
				CLANG_WARN_ENUM_CONVERSION = YES;
				CLANG_WARN_INFINITE_RECURSION = YES;
				CLANG_WARN_INT_CONVERSION = YES;
				CLANG_WARN_OBJC_ROOT_CLASS = YES_ERROR;
				CLANG_WARN_SUSPICIOUS_MOVE = YES;
				CLANG_WARN_UNREACHABLE_CODE = YES;
				CLANG_WARN__DUPLICATE_METHOD_MATCH = YES;
				"CODE_SIGN_IDENTITY[sdk=iphoneos*]" = "iPhone Developer";
				COPY_PHASE_STRIP = NO;
				DEBUG_INFORMATION_FORMAT = dwarf;
				ENABLE_STRICT_OBJC_MSGSEND = YES;
				ENABLE_TESTABILITY = YES;
				GCC_C_LANGUAGE_STANDARD = gnu99;
				GCC_DYNAMIC_NO_PIC = NO;
				GCC_NO_COMMON_BLOCKS = YES;
				GCC_OPTIMIZATION_LEVEL = 0;
				GCC_PREPROCESSOR_DEFINITIONS = (
					"DEBUG=1",
					"$(inherited)",
				);
				GCC_WARN_64_TO_32_BIT_CONVERSION = YES;
				GCC_WARN_ABOUT_RETURN_TYPE = YES_ERROR;
				GCC_WARN_UNDECLARED_SELECTOR = YES;
				GCC_WARN_UNINITIALIZED_AUTOS = YES_AGGRESSIVE;
				GCC_WARN_UNUSED_FUNCTION = YES;
				GCC_WARN_UNUSED_VARIABLE = YES;
				IPHONEOS_DEPLOYMENT_TARGET = 10.3;
				MTL_ENABLE_DEBUG_INFO = YES;
				ONLY_ACTIVE_ARCH = YES;
				SDKROOT = iphoneos;
				SWIFT_ACTIVE_COMPILATION_CONDITIONS = DEBUG;
				SWIFT_OPTIMIZATION_LEVEL = "-Onone";
				TARGETED_DEVICE_FAMILY = "1,2";
			};
			name = Debug;
		};
		A2E783281EA9862600133DE7 /* Release */ = {
			isa = XCBuildConfiguration;
			buildSettings = {
				ALWAYS_SEARCH_USER_PATHS = NO;
				CLANG_ANALYZER_NONNULL = YES;
				CLANG_ANALYZER_NUMBER_OBJECT_CONVERSION = YES_AGGRESSIVE;
				CLANG_CXX_LANGUAGE_STANDARD = "gnu++0x";
				CLANG_CXX_LIBRARY = "libc++";
				CLANG_ENABLE_MODULES = YES;
				CLANG_ENABLE_OBJC_ARC = YES;
				CLANG_WARN_BOOL_CONVERSION = YES;
				CLANG_WARN_CONSTANT_CONVERSION = YES;
				CLANG_WARN_DIRECT_OBJC_ISA_USAGE = YES_ERROR;
				CLANG_WARN_DOCUMENTATION_COMMENTS = YES;
				CLANG_WARN_EMPTY_BODY = YES;
				CLANG_WARN_ENUM_CONVERSION = YES;
				CLANG_WARN_INFINITE_RECURSION = YES;
				CLANG_WARN_INT_CONVERSION = YES;
				CLANG_WARN_OBJC_ROOT_CLASS = YES_ERROR;
				CLANG_WARN_SUSPICIOUS_MOVE = YES;
				CLANG_WARN_UNREACHABLE_CODE = YES;
				CLANG_WARN__DUPLICATE_METHOD_MATCH = YES;
				"CODE_SIGN_IDENTITY[sdk=iphoneos*]" = "iPhone Developer";
				COPY_PHASE_STRIP = NO;
				DEBUG_INFORMATION_FORMAT = "dwarf-with-dsym";
				ENABLE_NS_ASSERTIONS = NO;
				ENABLE_STRICT_OBJC_MSGSEND = YES;
				GCC_C_LANGUAGE_STANDARD = gnu99;
				GCC_NO_COMMON_BLOCKS = YES;
				GCC_WARN_64_TO_32_BIT_CONVERSION = YES;
				GCC_WARN_ABOUT_RETURN_TYPE = YES_ERROR;
				GCC_WARN_UNDECLARED_SELECTOR = YES;
				GCC_WARN_UNINITIALIZED_AUTOS = YES_AGGRESSIVE;
				GCC_WARN_UNUSED_FUNCTION = YES;
				GCC_WARN_UNUSED_VARIABLE = YES;
				IPHONEOS_DEPLOYMENT_TARGET = 10.3;
				MTL_ENABLE_DEBUG_INFO = NO;
				SDKROOT = iphoneos;
				SWIFT_OPTIMIZATION_LEVEL = "-Owholemodule";
				TARGETED_DEVICE_FAMILY = "1,2";
				VALIDATE_PRODUCT = YES;
			};
			name = Release;
		};
		A2E7832A1EA9862600133DE7 /* Debug */ = {
			isa = XCBuildConfiguration;
			buildSettings = {
				ASSETCATALOG_COMPILER_APPICON_NAME = AppIcon;
				DEVELOPMENT_TEAM = Z4RHTU5DM8;
				INFOPLIST_FILE = CoreToDo/Info.plist;
				LD_RUNPATH_SEARCH_PATHS = "$(inherited) @executable_path/Frameworks";
				PRODUCT_BUNDLE_IDENTIFIER = com.youmeiyipan.CoreToDo;
				PRODUCT_NAME = "$(TARGET_NAME)";
				SWIFT_VERSION = 3.0;
			};
			name = Debug;
		};
		A2E7832B1EA9862600133DE7 /* Release */ = {
			isa = XCBuildConfiguration;
			buildSettings = {
				ASSETCATALOG_COMPILER_APPICON_NAME = AppIcon;
				DEVELOPMENT_TEAM = Z4RHTU5DM8;
				INFOPLIST_FILE = CoreToDo/Info.plist;
				LD_RUNPATH_SEARCH_PATHS = "$(inherited) @executable_path/Frameworks";
				PRODUCT_BUNDLE_IDENTIFIER = com.youmeiyipan.CoreToDo;
				PRODUCT_NAME = "$(TARGET_NAME)";
				SWIFT_VERSION = 3.0;
			};
			name = Release;
		};
/* End XCBuildConfiguration section */

/* Begin XCConfigurationList section */
		A2E7830F1EA9862600133DE7 /* Build configuration list for PBXProject "CoreToDo" */ = {
			isa = XCConfigurationList;
			buildConfigurations = (
				A2E783271EA9862600133DE7 /* Debug */,
				A2E783281EA9862600133DE7 /* Release */,
			);
			defaultConfigurationIsVisible = 0;
			defaultConfigurationName = Release;
		};
		A2E783291EA9862600133DE7 /* Build configuration list for PBXNativeTarget "CoreToDo" */ = {
			isa = XCConfigurationList;
			buildConfigurations = (
				A2E7832A1EA9862600133DE7 /* Debug */,
				A2E7832B1EA9862600133DE7 /* Release */,
			);
			defaultConfigurationIsVisible = 0;
		};
/* End XCConfigurationList section */

/* Begin XCVersionGroup section */
		A2E7831E1EA9862600133DE7 /* CoreToDo.xcdatamodeld */ = {
			isa = XCVersionGroup;
			children = (
				A2E7831F1EA9862600133DE7 /* CoreToDo.xcdatamodel */,
			);
			currentVersion = A2E7831F1EA9862600133DE7 /* CoreToDo.xcdatamodel */;
			path = CoreToDo.xcdatamodeld;
			sourceTree = "<group>";
			versionGroupType = wrapper.xcdatamodel;
		};
/* End XCVersionGroup section */
	};
	rootObject = A2E7830C1EA9862600133DE7 /* Project object */;
}
